// !$*UTF8*$!
{
	archiveVersion = 1;
	classes = {
	};
	objectVersion = 50;
	objects = {

/* Begin PBXBuildFile section */
		EDFCEB04221D3311002E89B3 /* AppDelegate.swift in Sources */ = {isa = PBXBuildFile; fileRef = EDFCEB03221D3311002E89B3 /* AppDelegate.swift */; };
		EDFCEB06221D3311002E89B3 /* ViewController.swift in Sources */ = {isa = PBXBuildFile; fileRef = EDFCEB05221D3311002E89B3 /* ViewController.swift */; };
		EDFCEB09221D3311002E89B3 /* Main.storyboard in Resources */ = {isa = PBXBuildFile; fileRef = EDFCEB07221D3311002E89B3 /* Main.storyboard */; };
		EDFCEB0B221D3312002E89B3 /* Assets.xcassets in Resources */ = {isa = PBXBuildFile; fileRef = EDFCEB0A221D3312002E89B3 /* Assets.xcassets */; };
		EDFCEB0E221D3312002E89B3 /* LaunchScreen.storyboard in Resources */ = {isa = PBXBuildFile; fileRef = EDFCEB0C221D3312002E89B3 /* LaunchScreen.storyboard */; };
		EDFCEB1B221D336B002E89B3 /* PickerButton.framework in Frameworks */ = {isa = PBXBuildFile; fileRef = EDFCEB1A221D336B002E89B3 /* PickerButton.framework */; };
		EDFCEB1D221D3373002E89B3 /* PickerButton.framework in Embed Frameworks */ = {isa = PBXBuildFile; fileRef = EDFCEB1A221D336B002E89B3 /* PickerButton.framework */; settings = {ATTRIBUTES = (CodeSignOnCopy, RemoveHeadersOnCopy, ); }; };
/* End PBXBuildFile section */

/* Begin PBXCopyFilesBuildPhase section */
		EDFCEB1E221D3373002E89B3 /* Embed Frameworks */ = {
			isa = PBXCopyFilesBuildPhase;
			buildActionMask = 2147483647;
			dstPath = "";
			dstSubfolderSpec = 10;
			files = (
				EDFCEB1D221D3373002E89B3 /* PickerButton.framework in Embed Frameworks */,
			);
			name = "Embed Frameworks";
			runOnlyForDeploymentPostprocessing = 0;
		};
/* End PBXCopyFilesBuildPhase section */

/* Begin PBXFileReference section */
		EDFCEB00221D3311002E89B3 /* PickerButtonSample.app */ = {isa = PBXFileReference; explicitFileType = wrapper.application; includeInIndex = 0; path = PickerButtonSample.app; sourceTree = BUILT_PRODUCTS_DIR; };
		EDFCEB03221D3311002E89B3 /* AppDelegate.swift */ = {isa = PBXFileReference; lastKnownFileType = sourcecode.swift; path = AppDelegate.swift; sourceTree = "<group>"; };
		EDFCEB05221D3311002E89B3 /* ViewController.swift */ = {isa = PBXFileReference; lastKnownFileType = sourcecode.swift; path = ViewController.swift; sourceTree = "<group>"; };
		EDFCEB08221D3311002E89B3 /* Base */ = {isa = PBXFileReference; lastKnownFileType = file.storyboard; name = Base; path = Base.lproj/Main.storyboard; sourceTree = "<group>"; };
		EDFCEB0A221D3312002E89B3 /* Assets.xcassets */ = {isa = PBXFileReference; lastKnownFileType = folder.assetcatalog; path = Assets.xcassets; sourceTree = "<group>"; };
		EDFCEB0D221D3312002E89B3 /* Base */ = {isa = PBXFileReference; lastKnownFileType = file.storyboard; name = Base; path = Base.lproj/LaunchScreen.storyboard; sourceTree = "<group>"; };
		EDFCEB0F221D3312002E89B3 /* Info.plist */ = {isa = PBXFileReference; lastKnownFileType = text.plist.xml; path = Info.plist; sourceTree = "<group>"; };
		EDFCEB1A221D336B002E89B3 /* PickerButton.framework */ = {isa = PBXFileReference; explicitFileType = wrapper.framework; path = PickerButton.framework; sourceTree = BUILT_PRODUCTS_DIR; };
/* End PBXFileReference section */

/* Begin PBXFrameworksBuildPhase section */
		EDFCEAFD221D3311002E89B3 /* Frameworks */ = {
			isa = PBXFrameworksBuildPhase;
			buildActionMask = 2147483647;
			files = (
				EDFCEB1B221D336B002E89B3 /* PickerButton.framework in Frameworks */,
			);
			runOnlyForDeploymentPostprocessing = 0;
		};
/* End PBXFrameworksBuildPhase section */

/* Begin PBXGroup section */
		EDFCEAF7221D3311002E89B3 = {
			isa = PBXGroup;
			children = (
				EDFCEB02221D3311002E89B3 /* PickerButtonSample */,
				EDFCEB01221D3311002E89B3 /* Products */,
				EDFCEB19221D336B002E89B3 /* Frameworks */,
			);
			sourceTree = "<group>";
		};
		EDFCEB01221D3311002E89B3 /* Products */ = {
			isa = PBXGroup;
			children = (
				EDFCEB00221D3311002E89B3 /* PickerButtonSample.app */,
			);
			name = Products;
			sourceTree = "<group>";
		};
		EDFCEB02221D3311002E89B3 /* PickerButtonSample */ = {
			isa = PBXGroup;
			children = (
				EDFCEB03221D3311002E89B3 /* AppDelegate.swift */,
				EDFCEB05221D3311002E89B3 /* ViewController.swift */,
				EDFCEB07221D3311002E89B3 /* Main.storyboard */,
				EDFCEB0A221D3312002E89B3 /* Assets.xcassets */,
				EDFCEB0C221D3312002E89B3 /* LaunchScreen.storyboard */,
				EDFCEB0F221D3312002E89B3 /* Info.plist */,
			);
			path = PickerButtonSample;
			sourceTree = "<group>";
		};
		EDFCEB19221D336B002E89B3 /* Frameworks */ = {
			isa = PBXGroup;
			children = (
				EDFCEB1A221D336B002E89B3 /* PickerButton.framework */,
			);
			name = Frameworks;
			sourceTree = "<group>";
		};
/* End PBXGroup section */

/* Begin PBXNativeTarget section */
		EDFCEAFF221D3311002E89B3 /* PickerButtonSample */ = {
			isa = PBXNativeTarget;
			buildConfigurationList = EDFCEB12221D3312002E89B3 /* Build configuration list for PBXNativeTarget "PickerButtonSample" */;
			buildPhases = (
				EDFCEAFC221D3311002E89B3 /* Sources */,
				EDFCEAFD221D3311002E89B3 /* Frameworks */,
				EDFCEAFE221D3311002E89B3 /* Resources */,
				EDFCEB1E221D3373002E89B3 /* Embed Frameworks */,
			);
			buildRules = (
			);
			dependencies = (
			);
			name = PickerButtonSample;
			productName = PickerButtonSample;
			productReference = EDFCEB00221D3311002E89B3 /* PickerButtonSample.app */;
			productType = "com.apple.product-type.application";
		};
/* End PBXNativeTarget section */

/* Begin PBXProject section */
		EDFCEAF8221D3311002E89B3 /* Project object */ = {
			isa = PBXProject;
			attributes = {
				LastSwiftUpdateCheck = 1010;
				LastUpgradeCheck = 1010;
				ORGANIZATIONNAME = "marty-suzuki";
				TargetAttributes = {
					EDFCEAFF221D3311002E89B3 = {
						CreatedOnToolsVersion = 10.1;
					};
				};
			};
			buildConfigurationList = EDFCEAFB221D3311002E89B3 /* Build configuration list for PBXProject "PickerButtonSample" */;
			compatibilityVersion = "Xcode 9.3";
			developmentRegion = en;
			hasScannedForEncodings = 0;
			knownRegions = (
				en,
				Base,
			);
			mainGroup = EDFCEAF7221D3311002E89B3;
			productRefGroup = EDFCEB01221D3311002E89B3 /* Products */;
			projectDirPath = "";
			projectRoot = "";
			targets = (
				EDFCEAFF221D3311002E89B3 /* PickerButtonSample */,
			);
		};
/* End PBXProject section */

/* Begin PBXResourcesBuildPhase section */
		EDFCEAFE221D3311002E89B3 /* Resources */ = {
			isa = PBXResourcesBuildPhase;
			buildActionMask = 2147483647;
			files = (
				EDFCEB0E221D3312002E89B3 /* LaunchScreen.storyboard in Resources */,
				EDFCEB0B221D3312002E89B3 /* Assets.xcassets in Resources */,
				EDFCEB09221D3311002E89B3 /* Main.storyboard in Resources */,
			);
			runOnlyForDeploymentPostprocessing = 0;
		};
/* End PBXResourcesBuildPhase section */

/* Begin PBXSourcesBuildPhase section */
		EDFCEAFC221D3311002E89B3 /* Sources */ = {
			isa = PBXSourcesBuildPhase;
			buildActionMask = 2147483647;
			files = (
				EDFCEB06221D3311002E89B3 /* ViewController.swift in Sources */,
				EDFCEB04221D3311002E89B3 /* AppDelegate.swift in Sources */,
			);
			runOnlyForDeploymentPostprocessing = 0;
		};
/* End PBXSourcesBuildPhase section */

/* Begin PBXVariantGroup section */
		EDFCEB07221D3311002E89B3 /* Main.storyboard */ = {
			isa = PBXVariantGroup;
			children = (
				EDFCEB08221D3311002E89B3 /* Base */,
			);
			name = Main.storyboard;
			sourceTree = "<group>";
		};
		EDFCEB0C221D3312002E89B3 /* LaunchScreen.storyboard */ = {
			isa = PBXVariantGroup;
			children = (
				EDFCEB0D221D3312002E89B3 /* Base */,
			);
			name = LaunchScreen.storyboard;
			sourceTree = "<group>";
		};
/* End PBXVariantGroup section */

/* Begin XCBuildConfiguration section */
		EDFCEB10221D3312002E89B3 /* Debug */ = {
			isa = XCBuildConfiguration;
			buildSettings = {
				ALWAYS_SEARCH_USER_PATHS = NO;
				CLANG_ANALYZER_NONNULL = YES;
				CLANG_ANALYZER_NUMBER_OBJECT_CONVERSION = YES_AGGRESSIVE;
				CLANG_CXX_LANGUAGE_STANDARD = "gnu++14";
				CLANG_CXX_LIBRARY = "libc++";
				CLANG_ENABLE_MODULES = YES;
				CLANG_ENABLE_OBJC_ARC = YES;
				CLANG_ENABLE_OBJC_WEAK = YES;
				CLANG_WARN_BLOCK_CAPTURE_AUTORELEASING = YES;
				CLANG_WARN_BOOL_CONVERSION = YES;
				CLANG_WARN_COMMA = YES;
				CLANG_WARN_CONSTANT_CONVERSION = YES;
				CLANG_WARN_DEPRECATED_OBJC_IMPLEMENTATIONS = YES;
				CLANG_WARN_DIRECT_OBJC_ISA_USAGE = YES_ERROR;
				CLANG_WARN_DOCUMENTATION_COMMENTS = YES;
				CLANG_WARN_EMPTY_BODY = YES;
				CLANG_WARN_ENUM_CONVERSION = YES;
				CLANG_WARN_INFINITE_RECURSION = YES;
				CLANG_WARN_INT_CONVERSION = YES;
				CLANG_WARN_NON_LITERAL_NULL_CONVERSION = YES;
				CLANG_WARN_OBJC_IMPLICIT_RETAIN_SELF = YES;
				CLANG_WARN_OBJC_LITERAL_CONVERSION = YES;
				CLANG_WARN_OBJC_ROOT_CLASS = YES_ERROR;
				CLANG_WARN_RANGE_LOOP_ANALYSIS = YES;
				CLANG_WARN_STRICT_PROTOTYPES = YES;
				CLANG_WARN_SUSPICIOUS_MOVE = YES;
				CLANG_WARN_UNGUARDED_AVAILABILITY = YES_AGGRESSIVE;
				CLANG_WARN_UNREACHABLE_CODE = YES;
				CLANG_WARN__DUPLICATE_METHOD_MATCH = YES;
				CODE_SIGN_IDENTITY = "iPhone Developer";
				COPY_PHASE_STRIP = NO;
				DEBUG_INFORMATION_FORMAT = dwarf;
				ENABLE_STRICT_OBJC_MSGSEND = YES;
				ENABLE_TESTABILITY = YES;
				GCC_C_LANGUAGE_STANDARD = gnu11;
				GCC_DYNAMIC_NO_PIC = NO;
				GCC_NO_COMMON_BLOCKS = YES;
				GCC_OPTIMIZATION_LEVEL = 0;
				GCC_PREPROCESSOR_DEFINITIONS = (
					"DEBUG=1",
					"$(inherited)",
				);
				GCC_WARN_64_TO_32_BIT_CONVERSION = YES;
				GCC_WARN_ABOUT_RETURN_TYPE = YES_ERROR;
				GCC_WARN_UNDECLARED_SELECTOR = YES;
				GCC_WARN_UNINITIALIZED_AUTOS = YES_AGGRESSIVE;
				GCC_WARN_UNUSED_FUNCTION = YES;
				GCC_WARN_UNUSED_VARIABLE = YES;
				IPHONEOS_DEPLOYMENT_TARGET = 12.1;
				MTL_ENABLE_DEBUG_INFO = INCLUDE_SOURCE;
				MTL_FAST_MATH = YES;
				ONLY_ACTIVE_ARCH = YES;
				SDKROOT = iphoneos;
				SWIFT_ACTIVE_COMPILATION_CONDITIONS = DEBUG;
				SWIFT_OPTIMIZATION_LEVEL = "-Onone";
			};
			name = Debug;
		};
		EDFCEB11221D3312002E89B3 /* Release */ = {
			isa = XCBuildConfiguration;
			buildSettings = {
				ALWAYS_SEARCH_USER_PATHS = NO;
				CLANG_ANALYZER_NONNULL = YES;
				CLANG_ANALYZER_NUMBER_OBJECT_CONVERSION = YES_AGGRESSIVE;
				CLANG_CXX_LANGUAGE_STANDARD = "gnu++14";
				CLANG_CXX_LIBRARY = "libc++";
				CLANG_ENABLE_MODULES = YES;
				CLANG_ENABLE_OBJC_ARC = YES;
				CLANG_ENABLE_OBJC_WEAK = YES;
				CLANG_WARN_BLOCK_CAPTURE_AUTORELEASING = YES;
				CLANG_WARN_BOOL_CONVERSION = YES;
				CLANG_WARN_COMMA = YES;
				CLANG_WARN_CONSTANT_CONVERSION = YES;
				CLANG_WARN_DEPRECATED_OBJC_IMPLEMENTATIONS = YES;
				CLANG_WARN_DIRECT_OBJC_ISA_USAGE = YES_ERROR;
				CLANG_WARN_DOCUMENTATION_COMMENTS = YES;
				CLANG_WARN_EMPTY_BODY = YES;
				CLANG_WARN_ENUM_CONVERSION = YES;
				CLANG_WARN_INFINITE_RECURSION = YES;
				CLANG_WARN_INT_CONVERSION = YES;
				CLANG_WARN_NON_LITERAL_NULL_CONVERSION = YES;
				CLANG_WARN_OBJC_IMPLICIT_RETAIN_SELF = YES;
				CLANG_WARN_OBJC_LITERAL_CONVERSION = YES;
				CLANG_WARN_OBJC_ROOT_CLASS = YES_ERROR;
				CLANG_WARN_RANGE_LOOP_ANALYSIS = YES;
				CLANG_WARN_STRICT_PROTOTYPES = YES;
				CLANG_WARN_SUSPICIOUS_MOVE = YES;
				CLANG_WARN_UNGUARDED_AVAILABILITY = YES_AGGRESSIVE;
				CLANG_WARN_UNREACHABLE_CODE = YES;
				CLANG_WARN__DUPLICATE_METHOD_MATCH = YES;
				CODE_SIGN_IDENTITY = "iPhone Developer";
				COPY_PHASE_STRIP = NO;
				DEBUG_INFORMATION_FORMAT = "dwarf-with-dsym";
				ENABLE_NS_ASSERTIONS = NO;
				ENABLE_STRICT_OBJC_MSGSEND = YES;
				GCC_C_LANGUAGE_STANDARD = gnu11;
				GCC_NO_COMMON_BLOCKS = YES;
				GCC_WARN_64_TO_32_BIT_CONVERSION = YES;
				GCC_WARN_ABOUT_RETURN_TYPE = YES_ERROR;
				GCC_WARN_UNDECLARED_SELECTOR = YES;
				GCC_WARN_UNINITIALIZED_AUTOS = YES_AGGRESSIVE;
				GCC_WARN_UNUSED_FUNCTION = YES;
				GCC_WARN_UNUSED_VARIABLE = YES;
				IPHONEOS_DEPLOYMENT_TARGET = 12.1;
				MTL_ENABLE_DEBUG_INFO = NO;
				MTL_FAST_MATH = YES;
				SDKROOT = iphoneos;
				SWIFT_COMPILATION_MODE = wholemodule;
				SWIFT_OPTIMIZATION_LEVEL = "-O";
				VALIDATE_PRODUCT = YES;
			};
			name = Release;
		};
		EDFCEB13221D3312002E89B3 /* Debug */ = {
			isa = XCBuildConfiguration;
			buildSettings = {
				ASSETCATALOG_COMPILER_APPICON_NAME = AppIcon;
				CODE_SIGN_STYLE = Manual;
				DEVELOPMENT_TEAM = "";
				INFOPLIST_FILE = PickerButtonSample/Info.plist;
				IPHONEOS_DEPLOYMENT_TARGET = 10.0;
				LD_RUNPATH_SEARCH_PATHS = (
					"$(inherited)",
					"@executable_path/Frameworks",
				);
				PRODUCT_BUNDLE_IDENTIFIER = "jp.marty-suzuki.PickerButtonSample";
				PRODUCT_NAME = "$(TARGET_NAME)";
				PROVISIONING_PROFILE_SPECIFIER = "";
				SWIFT_VERSION = 4.2;
				TARGETED_DEVICE_FAMILY = "1,2";
			};
			name = Debug;
		};
		EDFCEB14221D3312002E89B3 /* Release */ = {
			isa = XCBuildConfiguration;
			buildSettings = {
				ASSETCATALOG_COMPILER_APPICON_NAME = AppIcon;
				CODE_SIGN_STYLE = Manual;
				DEVELOPMENT_TEAM = "";
				INFOPLIST_FILE = PickerButtonSample/Info.plist;
				IPHONEOS_DEPLOYMENT_TARGET = 10.0;
				LD_RUNPATH_SEARCH_PATHS = (
					"$(inherited)",
					"@executable_path/Frameworks",
				);
				PRODUCT_BUNDLE_IDENTIFIER = "jp.marty-suzuki.PickerButtonSample";
				PRODUCT_NAME = "$(TARGET_NAME)";
				PROVISIONING_PROFILE_SPECIFIER = "";
				SWIFT_VERSION = 4.2;
				TARGETED_DEVICE_FAMILY = "1,2";
			};
			name = Release;
		};
/* End XCBuildConfiguration section */

/* Begin XCConfigurationList section */
		EDFCEAFB221D3311002E89B3 /* Build configuration list for PBXProject "PickerButtonSample" */ = {
			isa = XCConfigurationList;
			buildConfigurations = (
				EDFCEB10221D3312002E89B3 /* Debug */,
				EDFCEB11221D3312002E89B3 /* Release */,
			);
			defaultConfigurationIsVisible = 0;
			defaultConfigurationName = Release;
		};
		EDFCEB12221D3312002E89B3 /* Build configuration list for PBXNativeTarget "PickerButtonSample" */ = {
			isa = XCConfigurationList;
			buildConfigurations = (
				EDFCEB13221D3312002E89B3 /* Debug */,
				EDFCEB14221D3312002E89B3 /* Release */,
			);
			defaultConfigurationIsVisible = 0;
			defaultConfigurationName = Release;
		};
/* End XCConfigurationList section */
	};
	rootObject = EDFCEAF8221D3311002E89B3 /* Project object */;
}
